# This file is automatically @generated by Poetry and should not be changed by hand.

[[package]]
name = "appdirs"
version = "1.4.3"
description = "A small Python module for determining appropriate platform-specific dirs, e.g. a \"user data dir\"."
category = "dev"
optional = false
python-versions = "*"
files = [
    {file = "appdirs-1.4.3-py2.py3-none-any.whl", hash = "sha256:d8b24664561d0d34ddfaec54636d502d7cea6e29c3eaf68f3df6180863e2166e"},
    {file = "appdirs-1.4.3.tar.gz", hash = "sha256:9e5896d1372858f8dd3344faf4e5014d21849c756c8d5701f78f8a103b372d92"},
]

[[package]]
name = "attrs"
version = "19.2.0"
description = "Classes Without Boilerplate"
category = "dev"
optional = false
python-versions = ">=2.7, !=3.0.*, !=3.1.*, !=3.2.*, !=3.3.*"
files = [
    {file = "attrs-19.2.0-py2.py3-none-any.whl", hash = "sha256:ec20e7a4825331c1b5ebf261d111e16fa9612c1f7a5e1f884f12bd53a664dfd2"},
    {file = "attrs-19.2.0.tar.gz", hash = "sha256:f913492e1663d3c36f502e5e9ba6cd13cf19d7fab50aa13239e420fef95e1396"},
]

[package.extras]
azure-pipelines = ["coverage", "hypothesis", "pympler", "pytest (>=4.3.0)", "pytest-azurepipelines", "six", "zope.interface"]
dev = ["coverage", "hypothesis", "pre-commit", "pympler", "pytest (>=4.3.0)", "six", "sphinx", "zope.interface"]
docs = ["sphinx", "zope.interface"]
tests = ["coverage", "hypothesis", "pympler", "pytest (>=4.3.0)", "six", "zope.interface"]

[[package]]
name = "black"
version = "18.9b0"
description = "The uncompromising code formatter."
category = "dev"
optional = false
python-versions = ">=3.6"
files = [
    {file = "black-18.9b0-py36-none-any.whl", hash = "sha256:817243426042db1d36617910df579a54f1afd659adb96fc5032fcf4b36209739"},
    {file = "black-18.9b0.tar.gz", hash = "sha256:e030a9a28f542debc08acceb273f228ac422798e5215ba2a791a6ddeaaca22a5"},
]

[package.dependencies]
appdirs = "*"
attrs = ">=17.4.0"
click = ">=6.5"
toml = ">=0.9.4"

[package.extras]
d = ["aiohttp (>=3.3.2)"]

[[package]]
name = "click"
version = "7.0"
description = "Composable command line interface toolkit"
category = "dev"
optional = false
python-versions = ">=2.7, !=3.0.*, !=3.1.*, !=3.2.*, !=3.3.*"
files = [
    {file = "Click-7.0-py2.py3-none-any.whl", hash = "sha256:2335065e6395b9e67ca716de5f7526736bfa6ceead690adf616d925bdc622b13"},
    {file = "Click-7.0.tar.gz", hash = "sha256:5b94b49521f6456670fdb30cd82a4eca9412788a93fa6dd6df72c94d5a8ff2d7"},
]

[[package]]
name = "django"
version = "2.2.6"
description = "A high-level Python Web framework that encourages rapid development and clean, pragmatic design."
category = "main"
optional = false
python-versions = ">=3.5"
files = [
    {file = "Django-2.2.6-py3-none-any.whl", hash = "sha256:4025317ca01f75fc79250ff7262a06d8ba97cd4f82e93394b2a0a6a4a925caeb"},
    {file = "Django-2.2.6.tar.gz", hash = "sha256:a8ca1033acac9f33995eb2209a6bf18a4681c3e5269a878e9a7e0b7384ed1ca3"},
]

[package.dependencies]
pytz = "*"
sqlparse = "*"

[package.extras]
argon2 = ["argon2-cffi (>=16.1.0)"]
bcrypt = ["bcrypt"]

[[package]]
name = "entrypoints"
version = "0.3"
description = "Discover and load entry points from installed packages."
category = "dev"
optional = false
python-versions = ">=2.7"
files = [
    {file = "entrypoints-0.3-py2.py3-none-any.whl", hash = "sha256:589f874b313739ad35be6e0cd7efde2a4e9b6fea91edcc34e58ecbb8dbe56d19"},
    {file = "entrypoints-0.3.tar.gz", hash = "sha256:c70dd71abe5a8c85e55e12c19bd91ccfeec11a6e99044204511f9ed547d48451"},
]

[[package]]
name = "flake8"
version = "3.7.8"
description = "the modular source code checker: pep8, pyflakes and co"
category = "dev"
optional = false
python-versions = ">=2.7, !=3.0.*, !=3.1.*, !=3.2.*, !=3.3.*"
files = [
    {file = "flake8-3.7.8-py2.py3-none-any.whl", hash = "sha256:8e9dfa3cecb2400b3738a42c54c3043e821682b9c840b0448c0503f781130696"},
    {file = "flake8-3.7.8.tar.gz", hash = "sha256:19241c1cbc971b9962473e4438a2ca19749a7dd002dd1a946eaba171b4114548"},
]

[package.dependencies]
entrypoints = ">=0.3.0,<0.4.0"
mccabe = ">=0.6.0,<0.7.0"
pycodestyle = ">=2.5.0,<2.6.0"
pyflakes = ">=2.1.0,<2.2.0"

[[package]]
name = "isort"
version = "4.3.21"
description = "A Python utility / library to sort Python imports."
category = "dev"
optional = false
python-versions = ">=2.7, !=3.0.*, !=3.1.*, !=3.2.*, !=3.3.*"
files = [
    {file = "isort-4.3.21-py2.py3-none-any.whl", hash = "sha256:6e811fcb295968434526407adb8796944f1988c5b65e8139058f2014cbe100fd"},
    {file = "isort-4.3.21.tar.gz", hash = "sha256:54da7e92468955c4fceacd0c86bd0ec997b0e1ee80d97f67c35a78b719dccab1"},
]

[package.extras]
pipfile = ["pipreqs", "requirementslib"]
pyproject = ["toml"]
requirements = ["pip-api", "pipreqs"]
xdg-home = ["appdirs (>=1.4.0)"]

[[package]]
name = "mccabe"
version = "0.6.1"
description = "McCabe checker, plugin for flake8"
category = "dev"
optional = false
python-versions = "*"
files = [
    {file = "mccabe-0.6.1-py2.py3-none-any.whl", hash = "sha256:ab8a6258860da4b6677da4bd2fe5dc2c659cff31b3ee4f7f5d64e79735b80d42"},
    {file = "mccabe-0.6.1.tar.gz", hash = "sha256:dd8d182285a0fe56bace7f45b5e7d1a6ebcbf524e8f3bd87eb0f125271b8831f"},
]

[[package]]
name = "mypy"
version = "0.730"
description = "Optional static typing for Python"
category = "dev"
optional = false
python-versions = ">=3.5"
files = [
    {file = "mypy-0.730-cp35-cp35m-macosx_10_6_x86_64.macosx_10_9_intel.macosx_10_9_x86_64.macosx_10_10_intel.macosx_10_10_x86_64.whl", hash = "sha256:4b2b20106973548975f0c0b1112eceb4d77ed0cafe0a231a1318f3b3a22fc795"},
    {file = "mypy-0.730-cp35-cp35m-manylinux1_x86_64.whl", hash = "sha256:1d98fd818ad3128a5408148c9e4a5edce6ed6b58cc314283e631dd5d9216527b"},
    {file = "mypy-0.730-cp35-cp35m-win_amd64.whl", hash = "sha256:84edda1ffeda0941b2ab38ecf49302326df79947fa33d98cdcfbf8ca9cf0bb23"},
    {file = "mypy-0.730-cp36-cp36m-macosx_10_6_x86_64.macosx_10_9_intel.macosx_10_9_x86_64.macosx_10_10_intel.macosx_10_10_x86_64.whl", hash = "sha256:b2b83d29babd61b876ae375786960a5374bba0e4aba3c293328ca6ca5dc448dd"},
    {file = "mypy-0.730-cp36-cp36m-manylinux1_x86_64.whl", hash = "sha256:3a24f80776edc706ec8d05329e854d5b9e464cd332e25cde10c8da2da0a0db6c"},
    {file = "mypy-0.730-cp36-cp36m-win_amd64.whl", hash = "sha256:cc4502f84c37223a1a5ab700649b5ab1b5e4d2bf2d426907161f20672a21930b"},
    {file = "mypy-0.730-cp37-cp37m-macosx_10_6_x86_64.macosx_10_9_intel.macosx_10_9_x86_64.macosx_10_10_intel.macosx_10_10_x86_64.whl", hash = "sha256:591a9625b4d285f3ba69f541c84c0ad9e7bffa7794da3fa0585ef13cf95cb021"},
    {file = "mypy-0.730-cp37-cp37m-manylinux1_x86_64.whl", hash = "sha256:22ee018e8fc212fe601aba65d3699689dd29a26410ef0d2cc1943de7bec7e3ac"},
    {file = "mypy-0.730-cp37-cp37m-win_amd64.whl", hash = "sha256:5b4b70da3d8bae73b908a90bb2c387b977e59d484d22c604a2131f6f4397c1a3"},
    {file = "mypy-0.730-py3-none-any.whl", hash = "sha256:e29e24dd6e7f39f200a5bb55dcaa645d38a397dd5a6674f6042ef02df5795046"},
    {file = "mypy-0.730.tar.gz", hash = "sha256:42a78944e80770f21609f504ca6c8173f7768043205b5ac51c9144e057dcf879"},
]

[package.dependencies]
mypy-extensions = ">=0.4.0,<0.5.0"
typed-ast = ">=1.4.0,<1.5.0"
typing-extensions = ">=3.7.4"

[package.extras]
dmypy = ["psutil (>=4.0)"]

[[package]]
name = "mypy-extensions"
version = "0.4.1"
description = "Experimental type system extensions for programs checked with the mypy typechecker."
category = "dev"
optional = false
python-versions = "*"
files = [
    {file = "mypy_extensions-0.4.1-py2.py3-none-any.whl", hash = "sha256:b16cabe759f55e3409a7d231ebd2841378fb0c27a5d1994719e340e4f429ac3e"},
    {file = "mypy_extensions-0.4.1.tar.gz", hash = "sha256:37e0e956f41369209a3d5f34580150bcacfabaa57b33a15c0b25f4b5725e0812"},
]

[[package]]
name = "pycodestyle"
version = "2.5.0"
description = "Python style guide checker"
category = "dev"
optional = false
python-versions = ">=2.7, !=3.0.*, !=3.1.*, !=3.2.*, !=3.3.*"
files = [
    {file = "pycodestyle-2.5.0-py2.py3-none-any.whl", hash = "sha256:95a2219d12372f05704562a14ec30bc76b05a5b297b21a5dfe3f6fac3491ae56"},
    {file = "pycodestyle-2.5.0.tar.gz", hash = "sha256:e40a936c9a450ad81df37f549d676d127b1b66000a6c500caa2b085bc0ca976c"},
]

[[package]]
name = "pyflakes"
version = "2.1.1"
description = "passive checker of Python programs"
category = "dev"
optional = false
python-versions = ">=2.7, !=3.0.*, !=3.1.*, !=3.2.*, !=3.3.*"
files = [
    {file = "pyflakes-2.1.1-py2.py3-none-any.whl", hash = "sha256:17dbeb2e3f4d772725c777fabc446d5634d1038f234e77343108ce445ea69ce0"},
    {file = "pyflakes-2.1.1.tar.gz", hash = "sha256:d976835886f8c5b31d47970ed689944a0262b5f3afa00a5a7b4dc81e5449f8a2"},
]

[[package]]
name = "pytz"
version = "2019.2"
description = "World timezone definitions, modern and historical"
category = "main"
optional = false
python-versions = "*"
files = [
    {file = "pytz-2019.2-py2.py3-none-any.whl", hash = "sha256:c894d57500a4cd2d5c71114aaab77dbab5eabd9022308ce5ac9bb93a60a6f0c7"},
    {file = "pytz-2019.2.tar.gz", hash = "sha256:26c0b32e437e54a18161324a2fca3c4b9846b74a8dccddd843113109e1116b32"},
]

[[package]]
name = "sqlparse"
version = "0.4.4"
description = "A non-validating SQL parser."
category = "main"
optional = false
python-versions = ">=3.5"
files = [
    {file = "sqlparse-0.4.4-py3-none-any.whl", hash = "sha256:5430a4fe2ac7d0f93e66f1efc6e1338a41884b7ddf2a350cedd20ccc4d9d28f3"},
    {file = "sqlparse-0.4.4.tar.gz", hash = "sha256:d446183e84b8349fa3061f0fe7f06ca94ba65b426946ffebe6e3e8295332420c"},
]

[package.extras]
dev = ["build", "flake8"]
doc = ["sphinx"]
test = ["pytest", "pytest-cov"]

[[package]]
name = "toml"
version = "0.10.0"
description = "Python Library for Tom's Obvious, Minimal Language"
category = "dev"
optional = false
python-versions = "*"
files = [
    {file = "toml-0.10.0-py2.py3-none-any.whl", hash = "sha256:235682dd292d5899d361a811df37e04a8828a5b1da3115886b73cf81ebc9100e"},
    {file = "toml-0.10.0.tar.gz", hash = "sha256:229f81c57791a41d65e399fc06bf0848bab550a9dfd5ed66df18ce5f05e73d5c"},
]

[[package]]
name = "typed-ast"
version = "1.4.0"
description = "a fork of Python 2 and 3 ast modules with type comment support"
category = "dev"
optional = false
python-versions = "*"
files = [
    {file = "typed_ast-1.4.0-cp35-cp35m-manylinux1_i686.whl", hash = "sha256:262c247a82d005e43b5b7f69aff746370538e176131c32dda9cb0f324d27141e"},
    {file = "typed_ast-1.4.0-cp35-cp35m-manylinux1_x86_64.whl", hash = "sha256:71211d26ffd12d63a83e079ff258ac9d56a1376a25bc80b1cdcdf601b855b90b"},
    {file = "typed_ast-1.4.0-cp35-cp35m-win32.whl", hash = "sha256:630968c5cdee51a11c05a30453f8cd65e0cc1d2ad0d9192819df9978984529f4"},
    {file = "typed_ast-1.4.0-cp35-cp35m-win_amd64.whl", hash = "sha256:ffde2fbfad571af120fcbfbbc61c72469e72f550d676c3342492a9dfdefb8f12"},
    {file = "typed_ast-1.4.0-cp36-cp36m-macosx_10_9_x86_64.whl", hash = "sha256:4e0b70c6fc4d010f8107726af5fd37921b666f5b31d9331f0bd24ad9a088e631"},
    {file = "typed_ast-1.4.0-cp36-cp36m-manylinux1_i686.whl", hash = "sha256:bc6c7d3fa1325a0c6613512a093bc2a2a15aeec350451cbdf9e1d4bffe3e3233"},
    {file = "typed_ast-1.4.0-cp36-cp36m-manylinux1_x86_64.whl", hash = "sha256:cc34a6f5b426748a507dd5d1de4c1978f2eb5626d51326e43280941206c209e1"},
    {file = "typed_ast-1.4.0-cp36-cp36m-win32.whl", hash = "sha256:d896919306dd0aa22d0132f62a1b78d11aaf4c9fc5b3410d3c666b818191630a"},
    {file = "typed_ast-1.4.0-cp36-cp36m-win_amd64.whl", hash = "sha256:354c16e5babd09f5cb0ee000d54cfa38401d8b8891eefa878ac772f827181a3c"},
    {file = "typed_ast-1.4.0-cp37-cp37m-macosx_10_9_x86_64.whl", hash = "sha256:95bd11af7eafc16e829af2d3df510cecfd4387f6453355188342c3e79a2ec87a"},
    {file = "typed_ast-1.4.0-cp37-cp37m-manylinux1_i686.whl", hash = "sha256:18511a0b3e7922276346bcb47e2ef9f38fb90fd31cb9223eed42c85d1312344e"},
    {file = "typed_ast-1.4.0-cp37-cp37m-manylinux1_x86_64.whl", hash = "sha256:d7c45933b1bdfaf9f36c579671fec15d25b06c8398f113dab64c18ed1adda01d"},
    {file = "typed_ast-1.4.0-cp37-cp37m-win32.whl", hash = "sha256:d755f03c1e4a51e9b24d899561fec4ccaf51f210d52abdf8c07ee2849b212a36"},
    {file = "typed_ast-1.4.0-cp37-cp37m-win_amd64.whl", hash = "sha256:2b907eb046d049bcd9892e3076c7a6456c93a25bebfe554e931620c90e6a25b0"},
    {file = "typed_ast-1.4.0-cp38-cp38-macosx_10_9_x86_64.whl", hash = "sha256:fdc1c9bbf79510b76408840e009ed65958feba92a88833cdceecff93ae8fff66"},
    {file = "typed_ast-1.4.0-cp38-cp38-manylinux1_i686.whl", hash = "sha256:7954560051331d003b4e2b3eb822d9dd2e376fa4f6d98fee32f452f52dd6ebb2"},
    {file = "typed_ast-1.4.0-cp38-cp38-manylinux1_x86_64.whl", hash = "sha256:48e5b1e71f25cfdef98b013263a88d7145879fbb2d5185f2a0c79fa7ebbeae47"},
    {file = "typed_ast-1.4.0-cp38-cp38-win32.whl", hash = "sha256:1170afa46a3799e18b4c977777ce137bb53c7485379d9706af8a59f2ea1aa161"},
    {file = "typed_ast-1.4.0-cp38-cp38-win_amd64.whl", hash = "sha256:838997f4310012cf2e1ad3803bce2f3402e9ffb71ded61b5ee22617b3a7f6b6e"},
    {file = "typed_ast-1.4.0.tar.gz", hash = "sha256:66480f95b8167c9c5c5c87f32cf437d585937970f3fc24386f313a4c97b44e34"},
]

[[package]]
name = "typing"
version = "3.7.4.1"
description = "Type Hints for Python"
category = "dev"
optional = false
python-versions = "*"
files = [
    {file = "typing-3.7.4.1-py2-none-any.whl", hash = "sha256:c8cabb5ab8945cd2f54917be357d134db9cc1eb039e59d1606dc1e60cb1d9d36"},
    {file = "typing-3.7.4.1-py3-none-any.whl", hash = "sha256:f38d83c5a7a7086543a0f649564d661859c5146a85775ab90c0d2f93ffaa9714"},
    {file = "typing-3.7.4.1.tar.gz", hash = "sha256:91dfe6f3f706ee8cc32d38edbbf304e9b7583fb37108fef38229617f8b3eba23"},
]

[[package]]
name = "typing-extensions"
version = "3.7.4"
description = "Backported and Experimental Type Hints for Python 3.5+"
category = "dev"
optional = false
python-versions = "*"
files = [
    {file = "typing_extensions-3.7.4-py2-none-any.whl", hash = "sha256:b1edbbf0652660e32ae780ac9433f4231e7339c7f9a8057d0f042fcbcea49b87"},
    {file = "typing_extensions-3.7.4-py3-none-any.whl", hash = "sha256:d8179012ec2c620d3791ca6fe2bf7979d979acdbef1fca0bc56b37411db682ed"},
    {file = "typing_extensions-3.7.4.tar.gz", hash = "sha256:2ed632b30bb54fc3941c382decfd0ee4148f5c591651c9272473fea2c6397d95"},
]

[package.dependencies]
typing = ">=3.7.4"

[metadata]
lock-version = "2.0"
python-versions = "^3.6"
content-hash = "f31e7e55b6709840e02e5f78dff9d5ac7293c2113dcfc39f21cbad7da6686605"
